
Microsoft Visual Studio Solution File, Format Version 12.00
# Visual Studio Version 17
VisualStudioVersion = 17.9.34902.65
MinimumVisualStudioVersion = 10.0.40219.1
Project("{9A19103F-16F7-4668-BE54-9A1E7A4F7556}") = "Bookinist", "Bookinist\Bookinist.csproj", "{E96FD12E-2B09-462B-A0CB-C820DCEE9203}"
EndProject
Project("{9A19103F-16F7-4668-BE54-9A1E7A4F7556}") = "Bookinist.DAL", "Bookinist.DAL\Bookinist.DAL.csproj", "{77A35A39-267C-4EB6-92AA-F5074033A35F}"
EndProject
Project("{FAE04EC0-301F-11D3-BF4B-00C04F79EFBC}") = "Bookinist.Interfaces", "Bookinist.Interfaces\Bookinist.Interfaces.csproj", "{26CA81AC-74DA-4E74-A27C-AFF392B92EB0}"
EndProject
Global
	GlobalSection(SolutionConfigurationPlatforms) = preSolution
		Debug|Any CPU = Debug|Any CPU
		Release|Any CPU = Release|Any CPU
	EndGlobalSection
	GlobalSection(ProjectConfigurationPlatforms) = postSolution
		{E96FD12E-2B09-462B-A0CB-C820DCEE9203}.Debug|Any CPU.ActiveCfg = Debug|Any CPU
		{E96FD12E-2B09-462B-A0CB-C820DCEE9203}.Debug|Any CPU.Build.0 = Debug|Any CPU
		{E96FD12E-2B09-462B-A0CB-C820DCEE9203}.Release|Any CPU.ActiveCfg = Release|Any CPU
		{E96FD12E-2B09-462B-A0CB-C820DCEE9203}.Release|Any CPU.Build.0 = Release|Any CPU
		{77A35A39-267C-4EB6-92AA-F5074033A35F}.Debug|Any CPU.ActiveCfg = Debug|Any CPU
		{77A35A39-267C-4EB6-92AA-F5074033A35F}.Debug|Any CPU.Build.0 = Debug|Any CPU
		{77A35A39-267C-4EB6-92AA-F5074033A35F}.Release|Any CPU.ActiveCfg = Release|Any CPU
		{77A35A39-267C-4EB6-92AA-F5074033A35F}.Release|Any CPU.Build.0 = Release|Any CPU
		{26CA81AC-74DA-4E74-A27C-AFF392B92EB0}.Debug|Any CPU.ActiveCfg = Debug|Any CPU
		{26CA81AC-74DA-4E74-A27C-AFF392B92EB0}.Debug|Any CPU.Build.0 = Debug|Any CPU
		{26CA81AC-74DA-4E74-A27C-AFF392B92EB0}.Release|Any CPU.ActiveCfg = Release|Any CPU
		{26CA81AC-74DA-4E74-A27C-AFF392B92EB0}.Release|Any CPU.Build.0 = Release|Any CPU
	EndGlobalSection
	GlobalSection(SolutionProperties) = preSolution
		HideSolutionNode = FALSE
	EndGlobalSection
	GlobalSection(ExtensibilityGlobals) = postSolution
		SolutionGuid = {0F20BD35-D200-4828-B553-F3DCAB7027D6}
	EndGlobalSection
EndGlobal
